
Microsoft Visual Studio Solution File, Format Version 12.00
# Visual Studio Version 17
VisualStudioVersion = 17.7.34009.444
MinimumVisualStudioVersion = 10.0.40219.1
Project("{9A19103F-16F7-4668-BE54-9A1E7A4F7556}") = "Toolkit", "Toolkit\Toolkit.csproj", "{FE3163FA-F724-4FDB-A7FC-349FE4FCCE89}"
EndProject
Project("{2150E333-8FDC-42A3-9474-1A3956D46DE8}") = "Services", "Services", "{C9287875-EF65-48CE-B91F-44A97F7BF5A7}"
EndProject
Project("{9A19103F-16F7-4668-BE54-9A1E7A4F7556}") = "Toolkit.Services", "Toolkit.Services\Toolkit.Services.csproj", "{A8D8F09B-B551-409D-9875-2121A017D60A}"
EndProject
Project("{9A19103F-16F7-4668-BE54-9A1E7A4F7556}") = "Toolkit.Services.Interfaces", "Toolkit.Services.Interfaces\Toolkit.Services.Interfaces.csproj", "{C4FF24E9-BBDF-4B08-B90B-72B049FA1DD3}"
EndProject
Project("{2150E333-8FDC-42A3-9474-1A3956D46DE8}") = "share", "share", "{F7BE69AD-BDAB-4F69-9E72-17CAD63C2BC7}"
EndProject
Project("{D954291E-2A0B-460D-934E-DC6B0785DB48}") = "Toolkit.App.Share", "Toolkit.App.Share\Toolkit.App.Share.shproj", "{4C78DEFD-422A-4600-8881-0D1DB9E74D13}"
EndProject
Project("{2150E333-8FDC-42A3-9474-1A3956D46DE8}") = "Modularity", "Modularity", "{42141DFA-EB68-47A6-84A8-964504AF7104}"
EndProject
Project("{2150E333-8FDC-42A3-9474-1A3956D46DE8}") = "Libary", "Libary", "{57691436-B6E7-4C5E-A6EC-4AE17E00CE03}"
EndProject
Project("{2150E333-8FDC-42A3-9474-1A3956D46DE8}") = "lib", "lib", "{2BB7A45E-80EA-4B31-8A2F-E524130B5302}"
EndProject
Project("{9A19103F-16F7-4668-BE54-9A1E7A4F7556}") = "Toolkit.Core", "Toolkit.Core\Toolkit.Core.csproj", "{007DDF7D-B4C1-4585-9454-503AEE2FA7E9}"
EndProject
Project("{9A19103F-16F7-4668-BE54-9A1E7A4F7556}") = "Toolkit.Infrastructure", "Toolkit.Infrastructure\Toolkit.Infrastructure.csproj", "{6C48F925-FD96-4E80-918B-F4AAB8FD360D}"
EndProject
Project("{2150E333-8FDC-42A3-9474-1A3956D46DE8}") = "解决方案项", "解决方案项", "{24567AB8-AFB0-4BA7-8162-6443E7EB71AC}"
EndProject
Project("{9A19103F-16F7-4668-BE54-9A1E7A4F7556}") = "Toolkit.Infrastructure.UI", "Toolkit.Infrastructure.UI\Toolkit.Infrastructure.UI.csproj", "{623D3949-77FC-49D7-842E-88E00AD3182A}"
EndProject
Project("{9A19103F-16F7-4668-BE54-9A1E7A4F7556}") = "Toolkit.Launcher", "Toolkit.Launcher\Toolkit.Launcher.csproj", "{DDDF1A5E-D096-42A3-A73B-BCAA0ED9B498}"
EndProject
Project("{9A19103F-16F7-4668-BE54-9A1E7A4F7556}") = "Toolkit.Launcher.Debugger", "Toolkit.Launcher.Debugger\Toolkit.Launcher.Debugger.csproj", "{69ABB79D-1650-4863-BE9D-A09C1A073EFE}"
EndProject
Project("{9A19103F-16F7-4668-BE54-9A1E7A4F7556}") = "Toolkit.Modularity", "Toolkit.Modularity\Toolkit.Modularity.csproj", "{C43DC95B-248E-4F67-ABD2-F62E5F3CD359}"
EndProject
Project("{9A19103F-16F7-4668-BE54-9A1E7A4F7556}") = "Toolkit.Resources", "Toolkit.Resources\Toolkit.Resources.csproj", "{1C74348F-C20E-4027-80DD-A9E846412DF5}"
EndProject
Project("{9A19103F-16F7-4668-BE54-9A1E7A4F7556}") = "Toolkit.Infrastructure.Controls", "Toolkit.Infrastructure.Controls\Toolkit.Infrastructure.Controls.csproj", "{75D498EB-AD3E-4F9C-8CF9-89EA75414C93}"
EndProject
Global
	GlobalSection(SolutionConfigurationPlatforms) = preSolution
		Debug|Any CPU = Debug|Any CPU
		Release|Any CPU = Release|Any CPU
	EndGlobalSection
	GlobalSection(ProjectConfigurationPlatforms) = postSolution
		{FE3163FA-F724-4FDB-A7FC-349FE4FCCE89}.Debug|Any CPU.ActiveCfg = Debug|Any CPU
		{FE3163FA-F724-4FDB-A7FC-349FE4FCCE89}.Debug|Any CPU.Build.0 = Debug|Any CPU
		{FE3163FA-F724-4FDB-A7FC-349FE4FCCE89}.Release|Any CPU.ActiveCfg = Release|Any CPU
		{FE3163FA-F724-4FDB-A7FC-349FE4FCCE89}.Release|Any CPU.Build.0 = Release|Any CPU
		{A8D8F09B-B551-409D-9875-2121A017D60A}.Debug|Any CPU.ActiveCfg = Debug|Any CPU
		{A8D8F09B-B551-409D-9875-2121A017D60A}.Debug|Any CPU.Build.0 = Debug|Any CPU
		{A8D8F09B-B551-409D-9875-2121A017D60A}.Release|Any CPU.ActiveCfg = Release|Any CPU
		{A8D8F09B-B551-409D-9875-2121A017D60A}.Release|Any CPU.Build.0 = Release|Any CPU
		{C4FF24E9-BBDF-4B08-B90B-72B049FA1DD3}.Debug|Any CPU.ActiveCfg = Debug|Any CPU
		{C4FF24E9-BBDF-4B08-B90B-72B049FA1DD3}.Debug|Any CPU.Build.0 = Debug|Any CPU
		{C4FF24E9-BBDF-4B08-B90B-72B049FA1DD3}.Release|Any CPU.ActiveCfg = Release|Any CPU
		{C4FF24E9-BBDF-4B08-B90B-72B049FA1DD3}.Release|Any CPU.Build.0 = Release|Any CPU
		{007DDF7D-B4C1-4585-9454-503AEE2FA7E9}.Debug|Any CPU.ActiveCfg = Debug|Any CPU
		{007DDF7D-B4C1-4585-9454-503AEE2FA7E9}.Debug|Any CPU.Build.0 = Debug|Any CPU
		{007DDF7D-B4C1-4585-9454-503AEE2FA7E9}.Release|Any CPU.ActiveCfg = Release|Any CPU
		{007DDF7D-B4C1-4585-9454-503AEE2FA7E9}.Release|Any CPU.Build.0 = Release|Any CPU
		{6C48F925-FD96-4E80-918B-F4AAB8FD360D}.Debug|Any CPU.ActiveCfg = Debug|Any CPU
		{6C48F925-FD96-4E80-918B-F4AAB8FD360D}.Debug|Any CPU.Build.0 = Debug|Any CPU
		{6C48F925-FD96-4E80-918B-F4AAB8FD360D}.Release|Any CPU.ActiveCfg = Release|Any CPU
		{6C48F925-FD96-4E80-918B-F4AAB8FD360D}.Release|Any CPU.Build.0 = Release|Any CPU
		{623D3949-77FC-49D7-842E-88E00AD3182A}.Debug|Any CPU.ActiveCfg = Debug|Any CPU
		{623D3949-77FC-49D7-842E-88E00AD3182A}.Debug|Any CPU.Build.0 = Debug|Any CPU
		{623D3949-77FC-49D7-842E-88E00AD3182A}.Release|Any CPU.ActiveCfg = Release|Any CPU
		{623D3949-77FC-49D7-842E-88E00AD3182A}.Release|Any CPU.Build.0 = Release|Any CPU
		{DDDF1A5E-D096-42A3-A73B-BCAA0ED9B498}.Debug|Any CPU.ActiveCfg = Debug|Any CPU
		{DDDF1A5E-D096-42A3-A73B-BCAA0ED9B498}.Debug|Any CPU.Build.0 = Debug|Any CPU
		{DDDF1A5E-D096-42A3-A73B-BCAA0ED9B498}.Release|Any CPU.ActiveCfg = Release|Any CPU
		{DDDF1A5E-D096-42A3-A73B-BCAA0ED9B498}.Release|Any CPU.Build.0 = Release|Any CPU
		{69ABB79D-1650-4863-BE9D-A09C1A073EFE}.Debug|Any CPU.ActiveCfg = Debug|Any CPU
		{69ABB79D-1650-4863-BE9D-A09C1A073EFE}.Debug|Any CPU.Build.0 = Debug|Any CPU
		{69ABB79D-1650-4863-BE9D-A09C1A073EFE}.Release|Any CPU.ActiveCfg = Release|Any CPU
		{69ABB79D-1650-4863-BE9D-A09C1A073EFE}.Release|Any CPU.Build.0 = Release|Any CPU
		{C43DC95B-248E-4F67-ABD2-F62E5F3CD359}.Debug|Any CPU.ActiveCfg = Debug|Any CPU
		{C43DC95B-248E-4F67-ABD2-F62E5F3CD359}.Debug|Any CPU.Build.0 = Debug|Any CPU
		{C43DC95B-248E-4F67-ABD2-F62E5F3CD359}.Release|Any CPU.ActiveCfg = Release|Any CPU
		{C43DC95B-248E-4F67-ABD2-F62E5F3CD359}.Release|Any CPU.Build.0 = Release|Any CPU
		{1C74348F-C20E-4027-80DD-A9E846412DF5}.Debug|Any CPU.ActiveCfg = Debug|Any CPU
		{1C74348F-C20E-4027-80DD-A9E846412DF5}.Debug|Any CPU.Build.0 = Debug|Any CPU
		{1C74348F-C20E-4027-80DD-A9E846412DF5}.Release|Any CPU.ActiveCfg = Release|Any CPU
		{1C74348F-C20E-4027-80DD-A9E846412DF5}.Release|Any CPU.Build.0 = Release|Any CPU
		{75D498EB-AD3E-4F9C-8CF9-89EA75414C93}.Debug|Any CPU.ActiveCfg = Debug|Any CPU
		{75D498EB-AD3E-4F9C-8CF9-89EA75414C93}.Debug|Any CPU.Build.0 = Debug|Any CPU
		{75D498EB-AD3E-4F9C-8CF9-89EA75414C93}.Release|Any CPU.ActiveCfg = Release|Any CPU
		{75D498EB-AD3E-4F9C-8CF9-89EA75414C93}.Release|Any CPU.Build.0 = Release|Any CPU
	EndGlobalSection
	GlobalSection(SolutionProperties) = preSolution
		HideSolutionNode = FALSE
	EndGlobalSection
	GlobalSection(NestedProjects) = preSolution
		{A8D8F09B-B551-409D-9875-2121A017D60A} = {C9287875-EF65-48CE-B91F-44A97F7BF5A7}
		{C4FF24E9-BBDF-4B08-B90B-72B049FA1DD3} = {C9287875-EF65-48CE-B91F-44A97F7BF5A7}
		{4C78DEFD-422A-4600-8881-0D1DB9E74D13} = {F7BE69AD-BDAB-4F69-9E72-17CAD63C2BC7}
	EndGlobalSection
	GlobalSection(ExtensibilityGlobals) = postSolution
		SolutionGuid = {4B75336F-947D-4AB2-B47B-AF8B3243B1AC}
	EndGlobalSection
	GlobalSection(SharedMSBuildProjectFiles) = preSolution
		Toolkit.App.Share\Toolkit.App.Share.projitems*{4c78defd-422a-4600-8881-0d1db9e74d13}*SharedItemsImports = 13
		Toolkit.App.Share\Toolkit.App.Share.projitems*{69abb79d-1650-4863-be9d-a09c1a073efe}*SharedItemsImports = 5
	EndGlobalSection
EndGlobal
